// !$*UTF8*$!
{
	archiveVersion = 1;
	classes = {
	};
	objectVersion = 46;
	objects = {

/* Begin PBXBuildFile section */
		1178637F1963BF5D00959677 /* VTBRElement.h in Headers */ = {isa = PBXBuildFile; fileRef = 1178637D1963BF5D00959677 /* VTBRElement.h */; settings = {ATTRIBUTES = (Public, ); }; };
		117863801963BF5D00959677 /* VTBRElement.m in Sources */ = {isa = PBXBuildFile; fileRef = 1178637E1963BF5D00959677 /* VTBRElement.m */; };
		117863831963C18B00959677 /* VTCanvasElement.h in Headers */ = {isa = PBXBuildFile; fileRef = 117863811963C18B00959677 /* VTCanvasElement.h */; };
		117863841963C18B00959677 /* VTCanvasElement.m in Sources */ = {isa = PBXBuildFile; fileRef = 117863821963C18B00959677 /* VTCanvasElement.m */; };
		11A2F48B1962B12800FE7892 /* InfoPlist.strings in Resources */ = {isa = PBXBuildFile; fileRef = 11A2F4891962B12800FE7892 /* InfoPlist.strings */; };
		11A2F5F01962B49A00FE7892 /* vDocument.h in Headers */ = {isa = PBXBuildFile; fileRef = 11A2F5EE1962B49A00FE7892 /* vDocument.h */; settings = {ATTRIBUTES = (Public, ); }; };
		11A2F5F11962B49A00FE7892 /* vDocument.m in Sources */ = {isa = PBXBuildFile; fileRef = 11A2F5EF1962B49A00FE7892 /* vDocument.m */; };
		11A2F5F41962B4B100FE7892 /* VTElement.h in Headers */ = {isa = PBXBuildFile; fileRef = 11A2F5F21962B4B100FE7892 /* VTElement.h */; settings = {ATTRIBUTES = (Public, ); }; };
		11A2F5F51962B4B100FE7892 /* VTElement.m in Sources */ = {isa = PBXBuildFile; fileRef = 11A2F5F31962B4B100FE7892 /* VTElement.m */; };
		11A2F5FA1962B80900FE7892 /* VTDocument.h in Headers */ = {isa = PBXBuildFile; fileRef = 11A2F5F81962B80900FE7892 /* VTDocument.h */; settings = {ATTRIBUTES = (Public, ); }; };
		11A2F5FB1962B80900FE7892 /* VTDocument.m in Sources */ = {isa = PBXBuildFile; fileRef = 11A2F5F91962B80900FE7892 /* VTDocument.m */; };
		11A2F6021962C10900FE7892 /* VTElementXMLParser.h in Headers */ = {isa = PBXBuildFile; fileRef = 11A2F6001962C10900FE7892 /* VTElementXMLParser.h */; settings = {ATTRIBUTES = (Public, ); }; };
		11A2F6031962C10900FE7892 /* VTElementXMLParser.m in Sources */ = {isa = PBXBuildFile; fileRef = 11A2F6011962C10900FE7892 /* VTElementXMLParser.m */; };
		11A2F6051962C61A00FE7892 /* IVTViewEntity.h in Headers */ = {isa = PBXBuildFile; fileRef = 11A2F6041962C61A00FE7892 /* IVTViewEntity.h */; settings = {ATTRIBUTES = (Public, ); }; };
		11A2F6081962C94600FE7892 /* VTDocumentView.h in Headers */ = {isa = PBXBuildFile; fileRef = 11A2F6061962C94600FE7892 /* VTDocumentView.h */; settings = {ATTRIBUTES = (Public, ); }; };
		11A2F6091962C94600FE7892 /* VTDocumentView.m in Sources */ = {isa = PBXBuildFile; fileRef = 11A2F6071962C94600FE7892 /* VTDocumentView.m */; };
		11A2F60B1963A5DD00FE7892 /* IVTLayoutElement.h in Headers */ = {isa = PBXBuildFile; fileRef = 11A2F60A1963A4E000FE7892 /* IVTLayoutElement.h */; settings = {ATTRIBUTES = (Public, ); }; };
		11A2F60E1963A75000FE7892 /* VTElement+Value.h in Headers */ = {isa = PBXBuildFile; fileRef = 11A2F60C1963A75000FE7892 /* VTElement+Value.h */; };
		11A2F60F1963A75000FE7892 /* VTElement+Value.m in Sources */ = {isa = PBXBuildFile; fileRef = 11A2F60D1963A75000FE7892 /* VTElement+Value.m */; };
		11A2F6121963A80800FE7892 /* VTElementStyle.h in Headers */ = {isa = PBXBuildFile; fileRef = 11A2F6101963A80800FE7892 /* VTElementStyle.h */; settings = {ATTRIBUTES = (Public, ); }; };
		11A2F6131963A80800FE7892 /* VTElementStyle.m in Sources */ = {isa = PBXBuildFile; fileRef = 11A2F6111963A80800FE7892 /* VTElementStyle.m */; };
		11A2F6151963AA1900FE7892 /* IVTCanvasElement.h in Headers */ = {isa = PBXBuildFile; fileRef = 11A2F6141963AA1900FE7892 /* IVTCanvasElement.h */; settings = {ATTRIBUTES = (Public, ); }; };
		11A2F6181963ABB700FE7892 /* VTLayoutElement.h in Headers */ = {isa = PBXBuildFile; fileRef = 11A2F6161963ABB700FE7892 /* VTLayoutElement.h */; settings = {ATTRIBUTES = (Public, ); }; };
		11A2F6191963ABB700FE7892 /* VTLayoutElement.m in Sources */ = {isa = PBXBuildFile; fileRef = 11A2F6171963ABB700FE7892 /* VTLayoutElement.m */; };
/* End PBXBuildFile section */

/* Begin PBXFileReference section */
		1178637D1963BF5D00959677 /* VTBRElement.h */ = {isa = PBXFileReference; fileEncoding = 4; lastKnownFileType = sourcecode.c.h; path = VTBRElement.h; sourceTree = "<group>"; };
		1178637E1963BF5D00959677 /* VTBRElement.m */ = {isa = PBXFileReference; fileEncoding = 4; lastKnownFileType = sourcecode.c.objc; path = VTBRElement.m; sourceTree = "<group>"; };
		117863811963C18B00959677 /* VTCanvasElement.h */ = {isa = PBXFileReference; fileEncoding = 4; lastKnownFileType = sourcecode.c.h; path = VTCanvasElement.h; sourceTree = "<group>"; };
		117863821963C18B00959677 /* VTCanvasElement.m */ = {isa = PBXFileReference; fileEncoding = 4; lastKnownFileType = sourcecode.c.objc; path = VTCanvasElement.m; sourceTree = "<group>"; };
		11A2F4591962B10C00FE7892 /* Foundation.framework */ = {isa = PBXFileReference; lastKnownFileType = wrapper.framework; name = Foundation.framework; path = System/Library/Frameworks/Foundation.framework; sourceTree = SDKROOT; };
		11A2F4671962B10C00FE7892 /* XCTest.framework */ = {isa = PBXFileReference; lastKnownFileType = wrapper.framework; name = XCTest.framework; path = Library/Frameworks/XCTest.framework; sourceTree = DEVELOPER_DIR; };
		11A2F46A1962B10C00FE7892 /* UIKit.framework */ = {isa = PBXFileReference; lastKnownFileType = wrapper.framework; name = UIKit.framework; path = Library/Frameworks/UIKit.framework; sourceTree = DEVELOPER_DIR; };
		11A2F4831962B12800FE7892 /* vDocument.framework */ = {isa = PBXFileReference; explicitFileType = wrapper.cfbundle; includeInIndex = 0; path = vDocument.framework; sourceTree = BUILT_PRODUCTS_DIR; };
		11A2F4841962B12800FE7892 /* CoreFoundation.framework */ = {isa = PBXFileReference; lastKnownFileType = wrapper.framework; name = CoreFoundation.framework; path = System/Library/Frameworks/CoreFoundation.framework; sourceTree = SDKROOT; };
		11A2F4881962B12800FE7892 /* vDocument-Info.plist */ = {isa = PBXFileReference; lastKnownFileType = text.plist.xml; path = "vDocument-Info.plist"; sourceTree = "<group>"; };
		11A2F48A1962B12800FE7892 /* en */ = {isa = PBXFileReference; lastKnownFileType = text.plist.strings; name = en; path = en.lproj/InfoPlist.strings; sourceTree = "<group>"; };
		11A2F48C1962B12800FE7892 /* vDocument-Prefix.pch */ = {isa = PBXFileReference; lastKnownFileType = sourcecode.c.h; path = "vDocument-Prefix.pch"; sourceTree = "<group>"; };
		11A2F5EE1962B49A00FE7892 /* vDocument.h */ = {isa = PBXFileReference; fileEncoding = 4; lastKnownFileType = sourcecode.c.h; path = vDocument.h; sourceTree = "<group>"; };
		11A2F5EF1962B49A00FE7892 /* vDocument.m */ = {isa = PBXFileReference; fileEncoding = 4; lastKnownFileType = sourcecode.c.objc; path = vDocument.m; sourceTree = "<group>"; };
		11A2F5F21962B4B100FE7892 /* VTElement.h */ = {isa = PBXFileReference; fileEncoding = 4; lastKnownFileType = sourcecode.c.h; path = VTElement.h; sourceTree = "<group>"; };
		11A2F5F31962B4B100FE7892 /* VTElement.m */ = {isa = PBXFileReference; fileEncoding = 4; lastKnownFileType = sourcecode.c.objc; path = VTElement.m; sourceTree = "<group>"; };
		11A2F5F81962B80900FE7892 /* VTDocument.h */ = {isa = PBXFileReference; fileEncoding = 4; lastKnownFileType = sourcecode.c.h; path = VTDocument.h; sourceTree = "<group>"; };
		11A2F5F91962B80900FE7892 /* VTDocument.m */ = {isa = PBXFileReference; fileEncoding = 4; lastKnownFileType = sourcecode.c.objc; path = VTDocument.m; sourceTree = "<group>"; };
		11A2F6001962C10900FE7892 /* VTElementXMLParser.h */ = {isa = PBXFileReference; fileEncoding = 4; lastKnownFileType = sourcecode.c.h; path = VTElementXMLParser.h; sourceTree = "<group>"; };
		11A2F6011962C10900FE7892 /* VTElementXMLParser.m */ = {isa = PBXFileReference; fileEncoding = 4; lastKnownFileType = sourcecode.c.objc; path = VTElementXMLParser.m; sourceTree = "<group>"; };
		11A2F6041962C61A00FE7892 /* IVTViewEntity.h */ = {isa = PBXFileReference; fileEncoding = 4; lastKnownFileType = sourcecode.c.h; path = IVTViewEntity.h; sourceTree = "<group>"; };
		11A2F6061962C94600FE7892 /* VTDocumentView.h */ = {isa = PBXFileReference; fileEncoding = 4; lastKnownFileType = sourcecode.c.h; path = VTDocumentView.h; sourceTree = "<group>"; };
		11A2F6071962C94600FE7892 /* VTDocumentView.m */ = {isa = PBXFileReference; fileEncoding = 4; lastKnownFileType = sourcecode.c.objc; path = VTDocumentView.m; sourceTree = "<group>"; };
		11A2F60A1963A4E000FE7892 /* IVTLayoutElement.h */ = {isa = PBXFileReference; lastKnownFileType = sourcecode.c.h; path = IVTLayoutElement.h; sourceTree = "<group>"; };
		11A2F60C1963A75000FE7892 /* VTElement+Value.h */ = {isa = PBXFileReference; fileEncoding = 4; lastKnownFileType = sourcecode.c.h; path = "VTElement+Value.h"; sourceTree = "<group>"; };
		11A2F60D1963A75000FE7892 /* VTElement+Value.m */ = {isa = PBXFileReference; fileEncoding = 4; lastKnownFileType = sourcecode.c.objc; path = "VTElement+Value.m"; sourceTree = "<group>"; };
		11A2F6101963A80800FE7892 /* VTElementStyle.h */ = {isa = PBXFileReference; fileEncoding = 4; lastKnownFileType = sourcecode.c.h; path = VTElementStyle.h; sourceTree = "<group>"; };
		11A2F6111963A80800FE7892 /* VTElementStyle.m */ = {isa = PBXFileReference; fileEncoding = 4; lastKnownFileType = sourcecode.c.objc; path = VTElementStyle.m; sourceTree = "<group>"; };
		11A2F6141963AA1900FE7892 /* IVTCanvasElement.h */ = {isa = PBXFileReference; fileEncoding = 4; lastKnownFileType = sourcecode.c.h; path = IVTCanvasElement.h; sourceTree = "<group>"; };
		11A2F6161963ABB700FE7892 /* VTLayoutElement.h */ = {isa = PBXFileReference; fileEncoding = 4; lastKnownFileType = sourcecode.c.h; path = VTLayoutElement.h; sourceTree = "<group>"; };
		11A2F6171963ABB700FE7892 /* VTLayoutElement.m */ = {isa = PBXFileReference; fileEncoding = 4; lastKnownFileType = sourcecode.c.objc; path = VTLayoutElement.m; sourceTree = "<group>"; };
/* End PBXFileReference section */

/* Begin PBXFrameworksBuildPhase section */
		11A2F4801962B12800FE7892 /* Frameworks */ = {
			isa = PBXFrameworksBuildPhase;
			buildActionMask = 2147483647;
			files = (
			);
			runOnlyForDeploymentPostprocessing = 0;
		};
/* End PBXFrameworksBuildPhase section */

/* Begin PBXGroup section */
		11A2F44D1962B10C00FE7892 = {
			isa = PBXGroup;
			children = (
				11A2F4861962B12800FE7892 /* vDocument */,
				11A2F4581962B10C00FE7892 /* Frameworks */,
				11A2F4571962B10C00FE7892 /* Products */,
			);
			sourceTree = "<group>";
		};
		11A2F4571962B10C00FE7892 /* Products */ = {
			isa = PBXGroup;
			children = (
				11A2F4831962B12800FE7892 /* vDocument.framework */,
			);
			name = Products;
			sourceTree = "<group>";
		};
		11A2F4581962B10C00FE7892 /* Frameworks */ = {
			isa = PBXGroup;
			children = (
				11A2F4591962B10C00FE7892 /* Foundation.framework */,
				11A2F4671962B10C00FE7892 /* XCTest.framework */,
				11A2F46A1962B10C00FE7892 /* UIKit.framework */,
				11A2F4841962B12800FE7892 /* CoreFoundation.framework */,
			);
			name = Frameworks;
			sourceTree = "<group>";
		};
		11A2F4861962B12800FE7892 /* vDocument */ = {
			isa = PBXGroup;
			children = (
				11A2F4871962B12800FE7892 /* Supporting Files */,
				11A2F5EE1962B49A00FE7892 /* vDocument.h */,
				11A2F5EF1962B49A00FE7892 /* vDocument.m */,
				11A2F5F21962B4B100FE7892 /* VTElement.h */,
				11A2F5F31962B4B100FE7892 /* VTElement.m */,
				11A2F5F81962B80900FE7892 /* VTDocument.h */,
				11A2F5F91962B80900FE7892 /* VTDocument.m */,
				11A2F6001962C10900FE7892 /* VTElementXMLParser.h */,
				11A2F6011962C10900FE7892 /* VTElementXMLParser.m */,
				11A2F6041962C61A00FE7892 /* IVTViewEntity.h */,
				11A2F6061962C94600FE7892 /* VTDocumentView.h */,
				11A2F6071962C94600FE7892 /* VTDocumentView.m */,
				11A2F60C1963A75000FE7892 /* VTElement+Value.h */,
				11A2F60D1963A75000FE7892 /* VTElement+Value.m */,
				11A2F6101963A80800FE7892 /* VTElementStyle.h */,
				11A2F6111963A80800FE7892 /* VTElementStyle.m */,
				11A2F60A1963A4E000FE7892 /* IVTLayoutElement.h */,
				11A2F6141963AA1900FE7892 /* IVTCanvasElement.h */,
				11A2F6161963ABB700FE7892 /* VTLayoutElement.h */,
				11A2F6171963ABB700FE7892 /* VTLayoutElement.m */,
				1178637D1963BF5D00959677 /* VTBRElement.h */,
				1178637E1963BF5D00959677 /* VTBRElement.m */,
				117863811963C18B00959677 /* VTCanvasElement.h */,
				117863821963C18B00959677 /* VTCanvasElement.m */,
			);
			path = vDocument;
			sourceTree = "<group>";
		};
		11A2F4871962B12800FE7892 /* Supporting Files */ = {
			isa = PBXGroup;
			children = (
				11A2F4881962B12800FE7892 /* vDocument-Info.plist */,
				11A2F4891962B12800FE7892 /* InfoPlist.strings */,
				11A2F48C1962B12800FE7892 /* vDocument-Prefix.pch */,
			);
			name = "Supporting Files";
			sourceTree = "<group>";
		};
/* End PBXGroup section */

/* Begin PBXHeadersBuildPhase section */
		11A2F4901962B17900FE7892 /* Headers */ = {
			isa = PBXHeadersBuildPhase;
			buildActionMask = 2147483647;
			files = (
				11A2F6081962C94600FE7892 /* VTDocumentView.h in Headers */,
				11A2F6021962C10900FE7892 /* VTElementXMLParser.h in Headers */,
				11A2F5F01962B49A00FE7892 /* vDocument.h in Headers */,
				11A2F6151963AA1900FE7892 /* IVTCanvasElement.h in Headers */,
				11A2F60E1963A75000FE7892 /* VTElement+Value.h in Headers */,
				11A2F60B1963A5DD00FE7892 /* IVTLayoutElement.h in Headers */,
				11A2F6121963A80800FE7892 /* VTElementStyle.h in Headers */,
				11A2F6181963ABB700FE7892 /* VTLayoutElement.h in Headers */,
				11A2F6051962C61A00FE7892 /* IVTViewEntity.h in Headers */,
				11A2F5F41962B4B100FE7892 /* VTElement.h in Headers */,
				11A2F5FA1962B80900FE7892 /* VTDocument.h in Headers */,
				117863831963C18B00959677 /* VTCanvasElement.h in Headers */,
				1178637F1963BF5D00959677 /* VTBRElement.h in Headers */,
			);
			runOnlyForDeploymentPostprocessing = 0;
		};
/* End PBXHeadersBuildPhase section */

/* Begin PBXNativeTarget section */
		11A2F4821962B12800FE7892 /* vDocument */ = {
			isa = PBXNativeTarget;
			buildConfigurationList = 11A2F48D1962B12800FE7892 /* Build configuration list for PBXNativeTarget "vDocument" */;
			buildPhases = (
				11A2F47F1962B12800FE7892 /* Sources */,
				11A2F4801962B12800FE7892 /* Frameworks */,
				11A2F4811962B12800FE7892 /* Resources */,
				11A2F4901962B17900FE7892 /* Headers */,
			);
			buildRules = (
			);
			dependencies = (
			);
			name = vDocument;
			productName = vDocument;
			productReference = 11A2F4831962B12800FE7892 /* vDocument.framework */;
			productType = "com.apple.product-type.bundle";
		};
/* End PBXNativeTarget section */

/* Begin PBXProject section */
		11A2F44E1962B10C00FE7892 /* Project object */ = {
			isa = PBXProject;
			attributes = {
				CLASSPREFIX = VT;
				LastUpgradeCheck = 0510;
				ORGANIZATIONNAME = hailong.org;
			};
			buildConfigurationList = 11A2F4511962B10C00FE7892 /* Build configuration list for PBXProject "vDocument" */;
			compatibilityVersion = "Xcode 3.2";
			developmentRegion = English;
			hasScannedForEncodings = 0;
			knownRegions = (
				en,
			);
			mainGroup = 11A2F44D1962B10C00FE7892;
			productRefGroup = 11A2F4571962B10C00FE7892 /* Products */;
			projectDirPath = "";
			projectRoot = "";
			targets = (
				11A2F4821962B12800FE7892 /* vDocument */,
			);
		};
/* End PBXProject section */

/* Begin PBXResourcesBuildPhase section */
		11A2F4811962B12800FE7892 /* Resources */ = {
			isa = PBXResourcesBuildPhase;
			buildActionMask = 2147483647;
			files = (
				11A2F48B1962B12800FE7892 /* InfoPlist.strings in Resources */,
			);
			runOnlyForDeploymentPostprocessing = 0;
		};
/* End PBXResourcesBuildPhase section */

/* Begin PBXSourcesBuildPhase section */
		11A2F47F1962B12800FE7892 /* Sources */ = {
			isa = PBXSourcesBuildPhase;
			buildActionMask = 2147483647;
			files = (
				11A2F5F51962B4B100FE7892 /* VTElement.m in Sources */,
				11A2F6091962C94600FE7892 /* VTDocumentView.m in Sources */,
				11A2F6031962C10900FE7892 /* VTElementXMLParser.m in Sources */,
				11A2F5FB1962B80900FE7892 /* VTDocument.m in Sources */,
				11A2F6131963A80800FE7892 /* VTElementStyle.m in Sources */,
				11A2F60F1963A75000FE7892 /* VTElement+Value.m in Sources */,
				11A2F6191963ABB700FE7892 /* VTLayoutElement.m in Sources */,
				11A2F5F11962B49A00FE7892 /* vDocument.m in Sources */,
				117863841963C18B00959677 /* VTCanvasElement.m in Sources */,
				117863801963BF5D00959677 /* VTBRElement.m in Sources */,
			);
			runOnlyForDeploymentPostprocessing = 0;
		};
/* End PBXSourcesBuildPhase section */

/* Begin PBXVariantGroup section */
		11A2F4891962B12800FE7892 /* InfoPlist.strings */ = {
			isa = PBXVariantGroup;
			children = (
				11A2F48A1962B12800FE7892 /* en */,
			);
			name = InfoPlist.strings;
			sourceTree = "<group>";
		};
/* End PBXVariantGroup section */

/* Begin XCBuildConfiguration section */
		11A2F4771962B10C00FE7892 /* Debug */ = {
			isa = XCBuildConfiguration;
			buildSettings = {
				ALWAYS_SEARCH_USER_PATHS = NO;
				CLANG_CXX_LANGUAGE_STANDARD = "gnu++0x";
				CLANG_CXX_LIBRARY = "libc++";
				CLANG_ENABLE_MODULES = YES;
				CLANG_ENABLE_OBJC_ARC = YES;
				CLANG_WARN_BOOL_CONVERSION = YES;
				CLANG_WARN_CONSTANT_CONVERSION = YES;
				CLANG_WARN_DIRECT_OBJC_ISA_USAGE = YES_ERROR;
				CLANG_WARN_EMPTY_BODY = YES;
				CLANG_WARN_ENUM_CONVERSION = YES;
				CLANG_WARN_INT_CONVERSION = YES;
				CLANG_WARN_OBJC_ROOT_CLASS = YES_ERROR;
				CLANG_WARN__DUPLICATE_METHOD_MATCH = YES;
				COPY_PHASE_STRIP = NO;
				GCC_C_LANGUAGE_STANDARD = gnu99;
				GCC_DYNAMIC_NO_PIC = NO;
				GCC_OPTIMIZATION_LEVEL = 0;
				GCC_PREPROCESSOR_DEFINITIONS = (
					"DEBUG=1",
					"$(inherited)",
				);
				GCC_SYMBOLS_PRIVATE_EXTERN = NO;
				GCC_WARN_64_TO_32_BIT_CONVERSION = YES;
				GCC_WARN_ABOUT_RETURN_TYPE = YES_ERROR;
				GCC_WARN_UNDECLARED_SELECTOR = YES;
				GCC_WARN_UNINITIALIZED_AUTOS = YES_AGGRESSIVE;
				GCC_WARN_UNUSED_FUNCTION = YES;
				GCC_WARN_UNUSED_VARIABLE = YES;
				IPHONEOS_DEPLOYMENT_TARGET = 7.1;
				ONLY_ACTIVE_ARCH = YES;
				SDKROOT = iphoneos;
			};
			name = Debug;
		};
		11A2F4781962B10C00FE7892 /* Release */ = {
			isa = XCBuildConfiguration;
			buildSettings = {
				ALWAYS_SEARCH_USER_PATHS = NO;
				CLANG_CXX_LANGUAGE_STANDARD = "gnu++0x";
				CLANG_CXX_LIBRARY = "libc++";
				CLANG_ENABLE_MODULES = YES;
				CLANG_ENABLE_OBJC_ARC = YES;
				CLANG_WARN_BOOL_CONVERSION = YES;
				CLANG_WARN_CONSTANT_CONVERSION = YES;
				CLANG_WARN_DIRECT_OBJC_ISA_USAGE = YES_ERROR;
				CLANG_WARN_EMPTY_BODY = YES;
				CLANG_WARN_ENUM_CONVERSION = YES;
				CLANG_WARN_INT_CONVERSION = YES;
				CLANG_WARN_OBJC_ROOT_CLASS = YES_ERROR;
				CLANG_WARN__DUPLICATE_METHOD_MATCH = YES;
				COPY_PHASE_STRIP = YES;
				ENABLE_NS_ASSERTIONS = NO;
				GCC_C_LANGUAGE_STANDARD = gnu99;
				GCC_WARN_64_TO_32_BIT_CONVERSION = YES;
				GCC_WARN_ABOUT_RETURN_TYPE = YES_ERROR;
				GCC_WARN_UNDECLARED_SELECTOR = YES;
				GCC_WARN_UNINITIALIZED_AUTOS = YES_AGGRESSIVE;
				GCC_WARN_UNUSED_FUNCTION = YES;
				GCC_WARN_UNUSED_VARIABLE = YES;
				IPHONEOS_DEPLOYMENT_TARGET = 7.1;
				SDKROOT = iphoneos;
				VALIDATE_PRODUCT = YES;
			};
			name = Release;
		};
		11A2F48E1962B12800FE7892 /* Debug */ = {
			isa = XCBuildConfiguration;
			buildSettings = {
				COMBINE_HIDPI_IMAGES = YES;
				DEAD_CODE_STRIPPING = NO;
				GCC_ENABLE_OBJC_EXCEPTIONS = YES;
				GCC_PRECOMPILE_PREFIX_HEADER = YES;
				GCC_PREFIX_HEADER = "vDocument/vDocument-Prefix.pch";
				GCC_PREPROCESSOR_DEFINITIONS = (
					"DEBUG=1",
					"$(inherited)",
				);
				HEADER_SEARCH_PATHS = (
					"$(inherited)",
					/Applications/Xcode.app/Contents/Developer/Toolchains/XcodeDefault.xctoolchain/usr/include,
					"${SDKROOT}/usr/include/libxml2",
				);
				INFOPLIST_FILE = "vDocument/vDocument-Info.plist";
				INSTALL_PATH = "$(LOCAL_LIBRARY_DIR)/Bundles";
				IPHONEOS_DEPLOYMENT_TARGET = 5.0;
				LINK_WITH_STANDARD_LIBRARIES = NO;
				MACH_O_TYPE = mh_object;
				MACOSX_DEPLOYMENT_TARGET = "";
				ONLY_ACTIVE_ARCH = NO;
				PRODUCT_NAME = "$(TARGET_NAME)";
				SDKROOT = iphoneos;
				WRAPPER_EXTENSION = framework;
			};
			name = Debug;
		};
		11A2F48F1962B12800FE7892 /* Release */ = {
			isa = XCBuildConfiguration;
			buildSettings = {
				COMBINE_HIDPI_IMAGES = YES;
				DEAD_CODE_STRIPPING = NO;
				DEBUG_INFORMATION_FORMAT = "dwarf-with-dsym";
				GCC_ENABLE_OBJC_EXCEPTIONS = YES;
				GCC_PRECOMPILE_PREFIX_HEADER = YES;
				GCC_PREFIX_HEADER = "vDocument/vDocument-Prefix.pch";
				HEADER_SEARCH_PATHS = (
					"$(inherited)",
					/Applications/Xcode.app/Contents/Developer/Toolchains/XcodeDefault.xctoolchain/usr/include,
					"${SDKROOT}/usr/include/libxml2",
				);
				INFOPLIST_FILE = "vDocument/vDocument-Info.plist";
				INSTALL_PATH = "$(LOCAL_LIBRARY_DIR)/Bundles";
				IPHONEOS_DEPLOYMENT_TARGET = 5.0;
				LINK_WITH_STANDARD_LIBRARIES = NO;
				MACH_O_TYPE = mh_object;
				MACOSX_DEPLOYMENT_TARGET = "";
				PRODUCT_NAME = "$(TARGET_NAME)";
				SDKROOT = iphoneos;
				SKIP_INSTALL = YES;
				WRAPPER_EXTENSION = framework;
			};
			name = Release;
		};
/* End XCBuildConfiguration section */

/* Begin XCConfigurationList section */
		11A2F4511962B10C00FE7892 /* Build configuration list for PBXProject "vDocument" */ = {
			isa = XCConfigurationList;
			buildConfigurations = (
				11A2F4771962B10C00FE7892 /* Debug */,
				11A2F4781962B10C00FE7892 /* Release */,
			);
			defaultConfigurationIsVisible = 0;
			defaultConfigurationName = Release;
		};
		11A2F48D1962B12800FE7892 /* Build configuration list for PBXNativeTarget "vDocument" */ = {
			isa = XCConfigurationList;
			buildConfigurations = (
				11A2F48E1962B12800FE7892 /* Debug */,
				11A2F48F1962B12800FE7892 /* Release */,
			);
			defaultConfigurationIsVisible = 0;
			defaultConfigurationName = Release;
		};
/* End XCConfigurationList section */
	};
	rootObject = 11A2F44E1962B10C00FE7892 /* Project object */;
}
