// !$*UTF8*$!
{
	archiveVersion = 1;
	classes = {
	};
	objectVersion = 46;
	objects = {

/* Begin PBXBuildFile section */
		11A2F5991962B35C00FE7892 /* InfoPlist.strings in Resources */ = {isa = PBXBuildFile; fileRef = 11A2F5971962B35C00FE7892 /* InfoPlist.strings */; };
/* End PBXBuildFile section */

/* Begin PBXFileReference section */
		11A2F5671962B33400FE7892 /* Foundation.framework */ = {isa = PBXFileReference; lastKnownFileType = wrapper.framework; name = Foundation.framework; path = System/Library/Frameworks/Foundation.framework; sourceTree = SDKROOT; };
		11A2F5751962B33400FE7892 /* XCTest.framework */ = {isa = PBXFileReference; lastKnownFileType = wrapper.framework; name = XCTest.framework; path = Library/Frameworks/XCTest.framework; sourceTree = DEVELOPER_DIR; };
		11A2F5781962B33400FE7892 /* UIKit.framework */ = {isa = PBXFileReference; lastKnownFileType = wrapper.framework; name = UIKit.framework; path = Library/Frameworks/UIKit.framework; sourceTree = DEVELOPER_DIR; };
		11A2F5911962B35C00FE7892 /* vStyleSheet.framework */ = {isa = PBXFileReference; explicitFileType = wrapper.cfbundle; includeInIndex = 0; path = vStyleSheet.framework; sourceTree = BUILT_PRODUCTS_DIR; };
		11A2F5921962B35C00FE7892 /* CoreFoundation.framework */ = {isa = PBXFileReference; lastKnownFileType = wrapper.framework; name = CoreFoundation.framework; path = System/Library/Frameworks/CoreFoundation.framework; sourceTree = SDKROOT; };
		11A2F5961962B35C00FE7892 /* vStyleSheet-Info.plist */ = {isa = PBXFileReference; lastKnownFileType = text.plist.xml; path = "vStyleSheet-Info.plist"; sourceTree = "<group>"; };
		11A2F5981962B35C00FE7892 /* en */ = {isa = PBXFileReference; lastKnownFileType = text.plist.strings; name = en; path = en.lproj/InfoPlist.strings; sourceTree = "<group>"; };
		11A2F59A1962B35C00FE7892 /* vStyleSheet-Prefix.pch */ = {isa = PBXFileReference; lastKnownFileType = sourcecode.c.h; path = "vStyleSheet-Prefix.pch"; sourceTree = "<group>"; };
/* End PBXFileReference section */

/* Begin PBXFrameworksBuildPhase section */
		11A2F58E1962B35C00FE7892 /* Frameworks */ = {
			isa = PBXFrameworksBuildPhase;
			buildActionMask = 2147483647;
			files = (
			);
			runOnlyForDeploymentPostprocessing = 0;
		};
/* End PBXFrameworksBuildPhase section */

/* Begin PBXGroup section */
		11A2F55B1962B33400FE7892 = {
			isa = PBXGroup;
			children = (
				11A2F5941962B35C00FE7892 /* vStyleSheet */,
				11A2F5661962B33400FE7892 /* Frameworks */,
				11A2F5651962B33400FE7892 /* Products */,
			);
			sourceTree = "<group>";
		};
		11A2F5651962B33400FE7892 /* Products */ = {
			isa = PBXGroup;
			children = (
				11A2F5911962B35C00FE7892 /* vStyleSheet.framework */,
			);
			name = Products;
			sourceTree = "<group>";
		};
		11A2F5661962B33400FE7892 /* Frameworks */ = {
			isa = PBXGroup;
			children = (
				11A2F5671962B33400FE7892 /* Foundation.framework */,
				11A2F5751962B33400FE7892 /* XCTest.framework */,
				11A2F5781962B33400FE7892 /* UIKit.framework */,
				11A2F5921962B35C00FE7892 /* CoreFoundation.framework */,
			);
			name = Frameworks;
			sourceTree = "<group>";
		};
		11A2F5941962B35C00FE7892 /* vStyleSheet */ = {
			isa = PBXGroup;
			children = (
				11A2F5951962B35C00FE7892 /* Supporting Files */,
			);
			path = vStyleSheet;
			sourceTree = "<group>";
		};
		11A2F5951962B35C00FE7892 /* Supporting Files */ = {
			isa = PBXGroup;
			children = (
				11A2F5961962B35C00FE7892 /* vStyleSheet-Info.plist */,
				11A2F5971962B35C00FE7892 /* InfoPlist.strings */,
				11A2F59A1962B35C00FE7892 /* vStyleSheet-Prefix.pch */,
			);
			name = "Supporting Files";
			sourceTree = "<group>";
		};
/* End PBXGroup section */

/* Begin PBXHeadersBuildPhase section */
		11A2F59E1962B38900FE7892 /* Headers */ = {
			isa = PBXHeadersBuildPhase;
			buildActionMask = 2147483647;
			files = (
			);
			runOnlyForDeploymentPostprocessing = 0;
		};
/* End PBXHeadersBuildPhase section */

/* Begin PBXNativeTarget section */
		11A2F5901962B35C00FE7892 /* vStyleSheet */ = {
			isa = PBXNativeTarget;
			buildConfigurationList = 11A2F59B1962B35C00FE7892 /* Build configuration list for PBXNativeTarget "vStyleSheet" */;
			buildPhases = (
				11A2F58D1962B35C00FE7892 /* Sources */,
				11A2F58E1962B35C00FE7892 /* Frameworks */,
				11A2F58F1962B35C00FE7892 /* Resources */,
				11A2F59E1962B38900FE7892 /* Headers */,
			);
			buildRules = (
			);
			dependencies = (
			);
			name = vStyleSheet;
			productName = vStyleSheet;
			productReference = 11A2F5911962B35C00FE7892 /* vStyleSheet.framework */;
			productType = "com.apple.product-type.bundle";
		};
/* End PBXNativeTarget section */

/* Begin PBXProject section */
		11A2F55C1962B33400FE7892 /* Project object */ = {
			isa = PBXProject;
			attributes = {
				LastUpgradeCheck = 0510;
				ORGANIZATIONNAME = hailong.org;
			};
			buildConfigurationList = 11A2F55F1962B33400FE7892 /* Build configuration list for PBXProject "vStyleSheet" */;
			compatibilityVersion = "Xcode 3.2";
			developmentRegion = English;
			hasScannedForEncodings = 0;
			knownRegions = (
				en,
			);
			mainGroup = 11A2F55B1962B33400FE7892;
			productRefGroup = 11A2F5651962B33400FE7892 /* Products */;
			projectDirPath = "";
			projectRoot = "";
			targets = (
				11A2F5901962B35C00FE7892 /* vStyleSheet */,
			);
		};
/* End PBXProject section */

/* Begin PBXResourcesBuildPhase section */
		11A2F58F1962B35C00FE7892 /* Resources */ = {
			isa = PBXResourcesBuildPhase;
			buildActionMask = 2147483647;
			files = (
				11A2F5991962B35C00FE7892 /* InfoPlist.strings in Resources */,
			);
			runOnlyForDeploymentPostprocessing = 0;
		};
/* End PBXResourcesBuildPhase section */

/* Begin PBXSourcesBuildPhase section */
		11A2F58D1962B35C00FE7892 /* Sources */ = {
			isa = PBXSourcesBuildPhase;
			buildActionMask = 2147483647;
			files = (
			);
			runOnlyForDeploymentPostprocessing = 0;
		};
/* End PBXSourcesBuildPhase section */

/* Begin PBXVariantGroup section */
		11A2F5971962B35C00FE7892 /* InfoPlist.strings */ = {
			isa = PBXVariantGroup;
			children = (
				11A2F5981962B35C00FE7892 /* en */,
			);
			name = InfoPlist.strings;
			sourceTree = "<group>";
		};
/* End PBXVariantGroup section */

/* Begin XCBuildConfiguration section */
		11A2F5851962B33400FE7892 /* Debug */ = {
			isa = XCBuildConfiguration;
			buildSettings = {
				ALWAYS_SEARCH_USER_PATHS = NO;
				CLANG_CXX_LANGUAGE_STANDARD = "gnu++0x";
				CLANG_CXX_LIBRARY = "libc++";
				CLANG_ENABLE_MODULES = YES;
				CLANG_ENABLE_OBJC_ARC = YES;
				CLANG_WARN_BOOL_CONVERSION = YES;
				CLANG_WARN_CONSTANT_CONVERSION = YES;
				CLANG_WARN_DIRECT_OBJC_ISA_USAGE = YES_ERROR;
				CLANG_WARN_EMPTY_BODY = YES;
				CLANG_WARN_ENUM_CONVERSION = YES;
				CLANG_WARN_INT_CONVERSION = YES;
				CLANG_WARN_OBJC_ROOT_CLASS = YES_ERROR;
				CLANG_WARN__DUPLICATE_METHOD_MATCH = YES;
				COPY_PHASE_STRIP = NO;
				GCC_C_LANGUAGE_STANDARD = gnu99;
				GCC_DYNAMIC_NO_PIC = NO;
				GCC_OPTIMIZATION_LEVEL = 0;
				GCC_PREPROCESSOR_DEFINITIONS = (
					"DEBUG=1",
					"$(inherited)",
				);
				GCC_SYMBOLS_PRIVATE_EXTERN = NO;
				GCC_WARN_64_TO_32_BIT_CONVERSION = YES;
				GCC_WARN_ABOUT_RETURN_TYPE = YES_ERROR;
				GCC_WARN_UNDECLARED_SELECTOR = YES;
				GCC_WARN_UNINITIALIZED_AUTOS = YES_AGGRESSIVE;
				GCC_WARN_UNUSED_FUNCTION = YES;
				GCC_WARN_UNUSED_VARIABLE = YES;
				IPHONEOS_DEPLOYMENT_TARGET = 7.1;
				ONLY_ACTIVE_ARCH = YES;
				SDKROOT = iphoneos;
			};
			name = Debug;
		};
		11A2F5861962B33400FE7892 /* Release */ = {
			isa = XCBuildConfiguration;
			buildSettings = {
				ALWAYS_SEARCH_USER_PATHS = NO;
				CLANG_CXX_LANGUAGE_STANDARD = "gnu++0x";
				CLANG_CXX_LIBRARY = "libc++";
				CLANG_ENABLE_MODULES = YES;
				CLANG_ENABLE_OBJC_ARC = YES;
				CLANG_WARN_BOOL_CONVERSION = YES;
				CLANG_WARN_CONSTANT_CONVERSION = YES;
				CLANG_WARN_DIRECT_OBJC_ISA_USAGE = YES_ERROR;
				CLANG_WARN_EMPTY_BODY = YES;
				CLANG_WARN_ENUM_CONVERSION = YES;
				CLANG_WARN_INT_CONVERSION = YES;
				CLANG_WARN_OBJC_ROOT_CLASS = YES_ERROR;
				CLANG_WARN__DUPLICATE_METHOD_MATCH = YES;
				COPY_PHASE_STRIP = YES;
				ENABLE_NS_ASSERTIONS = NO;
				GCC_C_LANGUAGE_STANDARD = gnu99;
				GCC_WARN_64_TO_32_BIT_CONVERSION = YES;
				GCC_WARN_ABOUT_RETURN_TYPE = YES_ERROR;
				GCC_WARN_UNDECLARED_SELECTOR = YES;
				GCC_WARN_UNINITIALIZED_AUTOS = YES_AGGRESSIVE;
				GCC_WARN_UNUSED_FUNCTION = YES;
				GCC_WARN_UNUSED_VARIABLE = YES;
				IPHONEOS_DEPLOYMENT_TARGET = 7.1;
				SDKROOT = iphoneos;
				VALIDATE_PRODUCT = YES;
			};
			name = Release;
		};
		11A2F59C1962B35C00FE7892 /* Debug */ = {
			isa = XCBuildConfiguration;
			buildSettings = {
				COMBINE_HIDPI_IMAGES = YES;
				DEAD_CODE_STRIPPING = NO;
				GCC_ENABLE_OBJC_EXCEPTIONS = YES;
				GCC_PRECOMPILE_PREFIX_HEADER = YES;
				GCC_PREFIX_HEADER = "vStyleSheet/vStyleSheet-Prefix.pch";
				GCC_PREPROCESSOR_DEFINITIONS = (
					"DEBUG=1",
					"$(inherited)",
				);
				INFOPLIST_FILE = "vStyleSheet/vStyleSheet-Info.plist";
				INSTALL_PATH = "$(LOCAL_LIBRARY_DIR)/Bundles";
				LINK_WITH_STANDARD_LIBRARIES = NO;
				MACH_O_TYPE = mh_object;
				MACOSX_DEPLOYMENT_TARGET = "";
				ONLY_ACTIVE_ARCH = NO;
				PRODUCT_NAME = "$(TARGET_NAME)";
				SDKROOT = iphoneos;
				WRAPPER_EXTENSION = framework;
			};
			name = Debug;
		};
		11A2F59D1962B35C00FE7892 /* Release */ = {
			isa = XCBuildConfiguration;
			buildSettings = {
				COMBINE_HIDPI_IMAGES = YES;
				DEAD_CODE_STRIPPING = NO;
				DEBUG_INFORMATION_FORMAT = "dwarf-with-dsym";
				GCC_ENABLE_OBJC_EXCEPTIONS = YES;
				GCC_PRECOMPILE_PREFIX_HEADER = YES;
				GCC_PREFIX_HEADER = "vStyleSheet/vStyleSheet-Prefix.pch";
				INFOPLIST_FILE = "vStyleSheet/vStyleSheet-Info.plist";
				INSTALL_PATH = "$(LOCAL_LIBRARY_DIR)/Bundles";
				LINK_WITH_STANDARD_LIBRARIES = NO;
				MACH_O_TYPE = mh_object;
				MACOSX_DEPLOYMENT_TARGET = "";
				PRODUCT_NAME = "$(TARGET_NAME)";
				SDKROOT = iphoneos;
				SKIP_INSTALL = YES;
				WRAPPER_EXTENSION = framework;
			};
			name = Release;
		};
/* End XCBuildConfiguration section */

/* Begin XCConfigurationList section */
		11A2F55F1962B33400FE7892 /* Build configuration list for PBXProject "vStyleSheet" */ = {
			isa = XCConfigurationList;
			buildConfigurations = (
				11A2F5851962B33400FE7892 /* Debug */,
				11A2F5861962B33400FE7892 /* Release */,
			);
			defaultConfigurationIsVisible = 0;
			defaultConfigurationName = Release;
		};
		11A2F59B1962B35C00FE7892 /* Build configuration list for PBXNativeTarget "vStyleSheet" */ = {
			isa = XCConfigurationList;
			buildConfigurations = (
				11A2F59C1962B35C00FE7892 /* Debug */,
				11A2F59D1962B35C00FE7892 /* Release */,
			);
			defaultConfigurationIsVisible = 0;
		};
/* End XCConfigurationList section */
	};
	rootObject = 11A2F55C1962B33400FE7892 /* Project object */;
}
