// !$*UTF8*$!
{
	archiveVersion = 1;
	classes = {
	};
	objectVersion = 46;
	objects = {

/* Begin PBXBuildFile section */
		11A2F3F91962AFBF00FE7892 /* CoreFoundation.framework in Frameworks */ = {isa = PBXBuildFile; fileRef = 11A2F3F81962AFBF00FE7892 /* CoreFoundation.framework */; };
		11A2F3FF1962AFBF00FE7892 /* InfoPlist.strings in Resources */ = {isa = PBXBuildFile; fileRef = 11A2F3FD1962AFBF00FE7892 /* InfoPlist.strings */; };
		11A2F4071962B02500FE7892 /* vTool.h in Headers */ = {isa = PBXBuildFile; fileRef = 11A2F4051962B02500FE7892 /* vTool.h */; settings = {ATTRIBUTES = (Public, ); }; };
		11A2F4081962B02500FE7892 /* vTool.m in Sources */ = {isa = PBXBuildFile; fileRef = 11A2F4061962B02500FE7892 /* vTool.m */; };
/* End PBXBuildFile section */

/* Begin PBXFileReference section */
		11A2F3CD1962AF9B00FE7892 /* Foundation.framework */ = {isa = PBXFileReference; lastKnownFileType = wrapper.framework; name = Foundation.framework; path = System/Library/Frameworks/Foundation.framework; sourceTree = SDKROOT; };
		11A2F3DB1962AF9B00FE7892 /* XCTest.framework */ = {isa = PBXFileReference; lastKnownFileType = wrapper.framework; name = XCTest.framework; path = Library/Frameworks/XCTest.framework; sourceTree = DEVELOPER_DIR; };
		11A2F3DE1962AF9B00FE7892 /* UIKit.framework */ = {isa = PBXFileReference; lastKnownFileType = wrapper.framework; name = UIKit.framework; path = Library/Frameworks/UIKit.framework; sourceTree = DEVELOPER_DIR; };
		11A2F3F71962AFBF00FE7892 /* vTool.framework */ = {isa = PBXFileReference; explicitFileType = wrapper.cfbundle; includeInIndex = 0; path = vTool.framework; sourceTree = BUILT_PRODUCTS_DIR; };
		11A2F3F81962AFBF00FE7892 /* CoreFoundation.framework */ = {isa = PBXFileReference; lastKnownFileType = wrapper.framework; name = CoreFoundation.framework; path = System/Library/Frameworks/CoreFoundation.framework; sourceTree = SDKROOT; };
		11A2F3FC1962AFBF00FE7892 /* vTool-Info.plist */ = {isa = PBXFileReference; lastKnownFileType = text.plist.xml; path = "vTool-Info.plist"; sourceTree = "<group>"; };
		11A2F3FE1962AFBF00FE7892 /* en */ = {isa = PBXFileReference; lastKnownFileType = text.plist.strings; name = en; path = en.lproj/InfoPlist.strings; sourceTree = "<group>"; };
		11A2F4001962AFBF00FE7892 /* vTool-Prefix.pch */ = {isa = PBXFileReference; lastKnownFileType = sourcecode.c.h; path = "vTool-Prefix.pch"; sourceTree = "<group>"; };
		11A2F4051962B02500FE7892 /* vTool.h */ = {isa = PBXFileReference; fileEncoding = 4; lastKnownFileType = sourcecode.c.h; path = vTool.h; sourceTree = "<group>"; };
		11A2F4061962B02500FE7892 /* vTool.m */ = {isa = PBXFileReference; fileEncoding = 4; lastKnownFileType = sourcecode.c.objc; path = vTool.m; sourceTree = "<group>"; };
/* End PBXFileReference section */

/* Begin PBXFrameworksBuildPhase section */
		11A2F3F41962AFBF00FE7892 /* Frameworks */ = {
			isa = PBXFrameworksBuildPhase;
			buildActionMask = 2147483647;
			files = (
				11A2F3F91962AFBF00FE7892 /* CoreFoundation.framework in Frameworks */,
			);
			runOnlyForDeploymentPostprocessing = 0;
		};
/* End PBXFrameworksBuildPhase section */

/* Begin PBXGroup section */
		11A2F3C11962AF9B00FE7892 = {
			isa = PBXGroup;
			children = (
				11A2F3FA1962AFBF00FE7892 /* vTool */,
				11A2F3CC1962AF9B00FE7892 /* Frameworks */,
				11A2F3CB1962AF9B00FE7892 /* Products */,
			);
			sourceTree = "<group>";
		};
		11A2F3CB1962AF9B00FE7892 /* Products */ = {
			isa = PBXGroup;
			children = (
				11A2F3F71962AFBF00FE7892 /* vTool.framework */,
			);
			name = Products;
			sourceTree = "<group>";
		};
		11A2F3CC1962AF9B00FE7892 /* Frameworks */ = {
			isa = PBXGroup;
			children = (
				11A2F3CD1962AF9B00FE7892 /* Foundation.framework */,
				11A2F3DB1962AF9B00FE7892 /* XCTest.framework */,
				11A2F3DE1962AF9B00FE7892 /* UIKit.framework */,
				11A2F3F81962AFBF00FE7892 /* CoreFoundation.framework */,
			);
			name = Frameworks;
			sourceTree = "<group>";
		};
		11A2F3FA1962AFBF00FE7892 /* vTool */ = {
			isa = PBXGroup;
			children = (
				11A2F3FB1962AFBF00FE7892 /* Supporting Files */,
				11A2F4051962B02500FE7892 /* vTool.h */,
				11A2F4061962B02500FE7892 /* vTool.m */,
			);
			path = vTool;
			sourceTree = "<group>";
		};
		11A2F3FB1962AFBF00FE7892 /* Supporting Files */ = {
			isa = PBXGroup;
			children = (
				11A2F3FC1962AFBF00FE7892 /* vTool-Info.plist */,
				11A2F3FD1962AFBF00FE7892 /* InfoPlist.strings */,
				11A2F4001962AFBF00FE7892 /* vTool-Prefix.pch */,
			);
			name = "Supporting Files";
			sourceTree = "<group>";
		};
/* End PBXGroup section */

/* Begin PBXHeadersBuildPhase section */
		11A2F4041962B00E00FE7892 /* Headers */ = {
			isa = PBXHeadersBuildPhase;
			buildActionMask = 2147483647;
			files = (
				11A2F4071962B02500FE7892 /* vTool.h in Headers */,
			);
			runOnlyForDeploymentPostprocessing = 0;
		};
/* End PBXHeadersBuildPhase section */

/* Begin PBXNativeTarget section */
		11A2F3F61962AFBF00FE7892 /* vTool */ = {
			isa = PBXNativeTarget;
			buildConfigurationList = 11A2F4011962AFBF00FE7892 /* Build configuration list for PBXNativeTarget "vTool" */;
			buildPhases = (
				11A2F3F31962AFBF00FE7892 /* Sources */,
				11A2F3F41962AFBF00FE7892 /* Frameworks */,
				11A2F3F51962AFBF00FE7892 /* Resources */,
				11A2F4041962B00E00FE7892 /* Headers */,
			);
			buildRules = (
			);
			dependencies = (
			);
			name = vTool;
			productName = vTool;
			productReference = 11A2F3F71962AFBF00FE7892 /* vTool.framework */;
			productType = "com.apple.product-type.bundle";
		};
/* End PBXNativeTarget section */

/* Begin PBXProject section */
		11A2F3C21962AF9B00FE7892 /* Project object */ = {
			isa = PBXProject;
			attributes = {
				LastUpgradeCheck = 0510;
				ORGANIZATIONNAME = hailong.org;
			};
			buildConfigurationList = 11A2F3C51962AF9B00FE7892 /* Build configuration list for PBXProject "vTool" */;
			compatibilityVersion = "Xcode 3.2";
			developmentRegion = English;
			hasScannedForEncodings = 0;
			knownRegions = (
				en,
			);
			mainGroup = 11A2F3C11962AF9B00FE7892;
			productRefGroup = 11A2F3CB1962AF9B00FE7892 /* Products */;
			projectDirPath = "";
			projectRoot = "";
			targets = (
				11A2F3F61962AFBF00FE7892 /* vTool */,
			);
		};
/* End PBXProject section */

/* Begin PBXResourcesBuildPhase section */
		11A2F3F51962AFBF00FE7892 /* Resources */ = {
			isa = PBXResourcesBuildPhase;
			buildActionMask = 2147483647;
			files = (
				11A2F3FF1962AFBF00FE7892 /* InfoPlist.strings in Resources */,
			);
			runOnlyForDeploymentPostprocessing = 0;
		};
/* End PBXResourcesBuildPhase section */

/* Begin PBXSourcesBuildPhase section */
		11A2F3F31962AFBF00FE7892 /* Sources */ = {
			isa = PBXSourcesBuildPhase;
			buildActionMask = 2147483647;
			files = (
				11A2F4081962B02500FE7892 /* vTool.m in Sources */,
			);
			runOnlyForDeploymentPostprocessing = 0;
		};
/* End PBXSourcesBuildPhase section */

/* Begin PBXVariantGroup section */
		11A2F3FD1962AFBF00FE7892 /* InfoPlist.strings */ = {
			isa = PBXVariantGroup;
			children = (
				11A2F3FE1962AFBF00FE7892 /* en */,
			);
			name = InfoPlist.strings;
			sourceTree = "<group>";
		};
/* End PBXVariantGroup section */

/* Begin XCBuildConfiguration section */
		11A2F3EB1962AF9B00FE7892 /* Debug */ = {
			isa = XCBuildConfiguration;
			buildSettings = {
				ALWAYS_SEARCH_USER_PATHS = NO;
				CLANG_CXX_LANGUAGE_STANDARD = "gnu++0x";
				CLANG_CXX_LIBRARY = "libc++";
				CLANG_ENABLE_MODULES = YES;
				CLANG_ENABLE_OBJC_ARC = YES;
				CLANG_WARN_BOOL_CONVERSION = YES;
				CLANG_WARN_CONSTANT_CONVERSION = YES;
				CLANG_WARN_DIRECT_OBJC_ISA_USAGE = YES_ERROR;
				CLANG_WARN_EMPTY_BODY = YES;
				CLANG_WARN_ENUM_CONVERSION = YES;
				CLANG_WARN_INT_CONVERSION = YES;
				CLANG_WARN_OBJC_ROOT_CLASS = YES_ERROR;
				CLANG_WARN__DUPLICATE_METHOD_MATCH = YES;
				COPY_PHASE_STRIP = NO;
				GCC_C_LANGUAGE_STANDARD = gnu99;
				GCC_DYNAMIC_NO_PIC = NO;
				GCC_OPTIMIZATION_LEVEL = 0;
				GCC_PREPROCESSOR_DEFINITIONS = (
					"DEBUG=1",
					"$(inherited)",
				);
				GCC_SYMBOLS_PRIVATE_EXTERN = NO;
				GCC_WARN_64_TO_32_BIT_CONVERSION = YES;
				GCC_WARN_ABOUT_RETURN_TYPE = YES_ERROR;
				GCC_WARN_UNDECLARED_SELECTOR = YES;
				GCC_WARN_UNINITIALIZED_AUTOS = YES_AGGRESSIVE;
				GCC_WARN_UNUSED_FUNCTION = YES;
				GCC_WARN_UNUSED_VARIABLE = YES;
				IPHONEOS_DEPLOYMENT_TARGET = 7.1;
				ONLY_ACTIVE_ARCH = YES;
				SDKROOT = iphoneos;
			};
			name = Debug;
		};
		11A2F3EC1962AF9B00FE7892 /* Release */ = {
			isa = XCBuildConfiguration;
			buildSettings = {
				ALWAYS_SEARCH_USER_PATHS = NO;
				CLANG_CXX_LANGUAGE_STANDARD = "gnu++0x";
				CLANG_CXX_LIBRARY = "libc++";
				CLANG_ENABLE_MODULES = YES;
				CLANG_ENABLE_OBJC_ARC = YES;
				CLANG_WARN_BOOL_CONVERSION = YES;
				CLANG_WARN_CONSTANT_CONVERSION = YES;
				CLANG_WARN_DIRECT_OBJC_ISA_USAGE = YES_ERROR;
				CLANG_WARN_EMPTY_BODY = YES;
				CLANG_WARN_ENUM_CONVERSION = YES;
				CLANG_WARN_INT_CONVERSION = YES;
				CLANG_WARN_OBJC_ROOT_CLASS = YES_ERROR;
				CLANG_WARN__DUPLICATE_METHOD_MATCH = YES;
				COPY_PHASE_STRIP = YES;
				ENABLE_NS_ASSERTIONS = NO;
				GCC_C_LANGUAGE_STANDARD = gnu99;
				GCC_WARN_64_TO_32_BIT_CONVERSION = YES;
				GCC_WARN_ABOUT_RETURN_TYPE = YES_ERROR;
				GCC_WARN_UNDECLARED_SELECTOR = YES;
				GCC_WARN_UNINITIALIZED_AUTOS = YES_AGGRESSIVE;
				GCC_WARN_UNUSED_FUNCTION = YES;
				GCC_WARN_UNUSED_VARIABLE = YES;
				IPHONEOS_DEPLOYMENT_TARGET = 7.1;
				SDKROOT = iphoneos;
				VALIDATE_PRODUCT = YES;
			};
			name = Release;
		};
		11A2F4021962AFBF00FE7892 /* Debug */ = {
			isa = XCBuildConfiguration;
			buildSettings = {
				COMBINE_HIDPI_IMAGES = YES;
				DEAD_CODE_STRIPPING = NO;
				GCC_ENABLE_OBJC_EXCEPTIONS = YES;
				GCC_PRECOMPILE_PREFIX_HEADER = YES;
				GCC_PREFIX_HEADER = "vTool/vTool-Prefix.pch";
				GCC_PREPROCESSOR_DEFINITIONS = (
					"DEBUG=1",
					"$(inherited)",
				);
				INFOPLIST_FILE = "vTool/vTool-Info.plist";
				INSTALL_PATH = "$(LOCAL_LIBRARY_DIR)/Bundles";
				LINK_WITH_STANDARD_LIBRARIES = NO;
				MACH_O_TYPE = mh_object;
				MACOSX_DEPLOYMENT_TARGET = "";
				ONLY_ACTIVE_ARCH = NO;
				PRODUCT_NAME = "$(TARGET_NAME)";
				SDKROOT = iphoneos;
				WRAPPER_EXTENSION = framework;
			};
			name = Debug;
		};
		11A2F4031962AFBF00FE7892 /* Release */ = {
			isa = XCBuildConfiguration;
			buildSettings = {
				COMBINE_HIDPI_IMAGES = YES;
				DEAD_CODE_STRIPPING = NO;
				DEBUG_INFORMATION_FORMAT = "dwarf-with-dsym";
				GCC_ENABLE_OBJC_EXCEPTIONS = YES;
				GCC_PRECOMPILE_PREFIX_HEADER = YES;
				GCC_PREFIX_HEADER = "vTool/vTool-Prefix.pch";
				INFOPLIST_FILE = "vTool/vTool-Info.plist";
				INSTALL_PATH = "$(LOCAL_LIBRARY_DIR)/Bundles";
				LINK_WITH_STANDARD_LIBRARIES = NO;
				MACH_O_TYPE = mh_object;
				MACOSX_DEPLOYMENT_TARGET = "";
				PRODUCT_NAME = "$(TARGET_NAME)";
				SDKROOT = iphoneos;
				SKIP_INSTALL = YES;
				WRAPPER_EXTENSION = framework;
			};
			name = Release;
		};
/* End XCBuildConfiguration section */

/* Begin XCConfigurationList section */
		11A2F3C51962AF9B00FE7892 /* Build configuration list for PBXProject "vTool" */ = {
			isa = XCConfigurationList;
			buildConfigurations = (
				11A2F3EB1962AF9B00FE7892 /* Debug */,
				11A2F3EC1962AF9B00FE7892 /* Release */,
			);
			defaultConfigurationIsVisible = 0;
			defaultConfigurationName = Release;
		};
		11A2F4011962AFBF00FE7892 /* Build configuration list for PBXNativeTarget "vTool" */ = {
			isa = XCConfigurationList;
			buildConfigurations = (
				11A2F4021962AFBF00FE7892 /* Debug */,
				11A2F4031962AFBF00FE7892 /* Release */,
			);
			defaultConfigurationIsVisible = 0;
			defaultConfigurationName = Release;
		};
/* End XCConfigurationList section */
	};
	rootObject = 11A2F3C21962AF9B00FE7892 /* Project object */;
}
