// !$*UTF8*$!
{
	archiveVersion = 1;
	classes = {
	};
	objectVersion = 46;
	objects = {

/* Begin PBXBuildFile section */
		11A2F5121962B27200FE7892 /* InfoPlist.strings in Resources */ = {isa = PBXBuildFile; fileRef = 11A2F5101962B27200FE7892 /* InfoPlist.strings */; };
/* End PBXBuildFile section */

/* Begin PBXFileReference section */
		11A2F4E01962B24E00FE7892 /* Foundation.framework */ = {isa = PBXFileReference; lastKnownFileType = wrapper.framework; name = Foundation.framework; path = System/Library/Frameworks/Foundation.framework; sourceTree = SDKROOT; };
		11A2F50A1962B27200FE7892 /* vDB.framework */ = {isa = PBXFileReference; explicitFileType = wrapper.cfbundle; includeInIndex = 0; path = vDB.framework; sourceTree = BUILT_PRODUCTS_DIR; };
		11A2F50F1962B27200FE7892 /* vDB-Info.plist */ = {isa = PBXFileReference; lastKnownFileType = text.plist.xml; path = "vDB-Info.plist"; sourceTree = "<group>"; };
		11A2F5111962B27200FE7892 /* en */ = {isa = PBXFileReference; lastKnownFileType = text.plist.strings; name = en; path = en.lproj/InfoPlist.strings; sourceTree = "<group>"; };
		11A2F5131962B27200FE7892 /* vDB-Prefix.pch */ = {isa = PBXFileReference; lastKnownFileType = sourcecode.c.h; path = "vDB-Prefix.pch"; sourceTree = "<group>"; };
/* End PBXFileReference section */

/* Begin PBXFrameworksBuildPhase section */
		11A2F5071962B27200FE7892 /* Frameworks */ = {
			isa = PBXFrameworksBuildPhase;
			buildActionMask = 2147483647;
			files = (
			);
			runOnlyForDeploymentPostprocessing = 0;
		};
/* End PBXFrameworksBuildPhase section */

/* Begin PBXGroup section */
		11A2F4D41962B24E00FE7892 = {
			isa = PBXGroup;
			children = (
				11A2F50D1962B27200FE7892 /* vDB */,
				11A2F4DF1962B24E00FE7892 /* Frameworks */,
				11A2F4DE1962B24E00FE7892 /* Products */,
			);
			sourceTree = "<group>";
		};
		11A2F4DE1962B24E00FE7892 /* Products */ = {
			isa = PBXGroup;
			children = (
				11A2F50A1962B27200FE7892 /* vDB.framework */,
			);
			name = Products;
			sourceTree = "<group>";
		};
		11A2F4DF1962B24E00FE7892 /* Frameworks */ = {
			isa = PBXGroup;
			children = (
				11A2F4E01962B24E00FE7892 /* Foundation.framework */,
			);
			name = Frameworks;
			sourceTree = "<group>";
		};
		11A2F50D1962B27200FE7892 /* vDB */ = {
			isa = PBXGroup;
			children = (
				11A2F50E1962B27200FE7892 /* Supporting Files */,
			);
			path = vDB;
			sourceTree = "<group>";
		};
		11A2F50E1962B27200FE7892 /* Supporting Files */ = {
			isa = PBXGroup;
			children = (
				11A2F50F1962B27200FE7892 /* vDB-Info.plist */,
				11A2F5101962B27200FE7892 /* InfoPlist.strings */,
				11A2F5131962B27200FE7892 /* vDB-Prefix.pch */,
			);
			name = "Supporting Files";
			sourceTree = "<group>";
		};
/* End PBXGroup section */

/* Begin PBXNativeTarget section */
		11A2F5091962B27200FE7892 /* vDB */ = {
			isa = PBXNativeTarget;
			buildConfigurationList = 11A2F5141962B27200FE7892 /* Build configuration list for PBXNativeTarget "vDB" */;
			buildPhases = (
				11A2F5061962B27200FE7892 /* Sources */,
				11A2F5071962B27200FE7892 /* Frameworks */,
				11A2F5081962B27200FE7892 /* Resources */,
			);
			buildRules = (
			);
			dependencies = (
			);
			name = vDB;
			productName = vDB;
			productReference = 11A2F50A1962B27200FE7892 /* vDB.framework */;
			productType = "com.apple.product-type.bundle";
		};
/* End PBXNativeTarget section */

/* Begin PBXProject section */
		11A2F4D51962B24E00FE7892 /* Project object */ = {
			isa = PBXProject;
			attributes = {
				LastUpgradeCheck = 0510;
				ORGANIZATIONNAME = hailong.org;
			};
			buildConfigurationList = 11A2F4D81962B24E00FE7892 /* Build configuration list for PBXProject "vDB" */;
			compatibilityVersion = "Xcode 3.2";
			developmentRegion = English;
			hasScannedForEncodings = 0;
			knownRegions = (
				en,
			);
			mainGroup = 11A2F4D41962B24E00FE7892;
			productRefGroup = 11A2F4DE1962B24E00FE7892 /* Products */;
			projectDirPath = "";
			projectRoot = "";
			targets = (
				11A2F5091962B27200FE7892 /* vDB */,
			);
		};
/* End PBXProject section */

/* Begin PBXResourcesBuildPhase section */
		11A2F5081962B27200FE7892 /* Resources */ = {
			isa = PBXResourcesBuildPhase;
			buildActionMask = 2147483647;
			files = (
				11A2F5121962B27200FE7892 /* InfoPlist.strings in Resources */,
			);
			runOnlyForDeploymentPostprocessing = 0;
		};
/* End PBXResourcesBuildPhase section */

/* Begin PBXSourcesBuildPhase section */
		11A2F5061962B27200FE7892 /* Sources */ = {
			isa = PBXSourcesBuildPhase;
			buildActionMask = 2147483647;
			files = (
			);
			runOnlyForDeploymentPostprocessing = 0;
		};
/* End PBXSourcesBuildPhase section */

/* Begin PBXVariantGroup section */
		11A2F5101962B27200FE7892 /* InfoPlist.strings */ = {
			isa = PBXVariantGroup;
			children = (
				11A2F5111962B27200FE7892 /* en */,
			);
			name = InfoPlist.strings;
			sourceTree = "<group>";
		};
/* End PBXVariantGroup section */

/* Begin XCBuildConfiguration section */
		11A2F4FE1962B24E00FE7892 /* Debug */ = {
			isa = XCBuildConfiguration;
			buildSettings = {
				ALWAYS_SEARCH_USER_PATHS = NO;
				CLANG_CXX_LANGUAGE_STANDARD = "gnu++0x";
				CLANG_CXX_LIBRARY = "libc++";
				CLANG_ENABLE_MODULES = YES;
				CLANG_ENABLE_OBJC_ARC = YES;
				CLANG_WARN_BOOL_CONVERSION = YES;
				CLANG_WARN_CONSTANT_CONVERSION = YES;
				CLANG_WARN_DIRECT_OBJC_ISA_USAGE = YES_ERROR;
				CLANG_WARN_EMPTY_BODY = YES;
				CLANG_WARN_ENUM_CONVERSION = YES;
				CLANG_WARN_INT_CONVERSION = YES;
				CLANG_WARN_OBJC_ROOT_CLASS = YES_ERROR;
				CLANG_WARN__DUPLICATE_METHOD_MATCH = YES;
				COPY_PHASE_STRIP = NO;
				GCC_C_LANGUAGE_STANDARD = gnu99;
				GCC_DYNAMIC_NO_PIC = NO;
				GCC_OPTIMIZATION_LEVEL = 0;
				GCC_PREPROCESSOR_DEFINITIONS = (
					"DEBUG=1",
					"$(inherited)",
				);
				GCC_SYMBOLS_PRIVATE_EXTERN = NO;
				GCC_WARN_64_TO_32_BIT_CONVERSION = YES;
				GCC_WARN_ABOUT_RETURN_TYPE = YES_ERROR;
				GCC_WARN_UNDECLARED_SELECTOR = YES;
				GCC_WARN_UNINITIALIZED_AUTOS = YES_AGGRESSIVE;
				GCC_WARN_UNUSED_FUNCTION = YES;
				GCC_WARN_UNUSED_VARIABLE = YES;
				IPHONEOS_DEPLOYMENT_TARGET = 7.1;
				ONLY_ACTIVE_ARCH = YES;
				SDKROOT = iphoneos;
			};
			name = Debug;
		};
		11A2F4FF1962B24E00FE7892 /* Release */ = {
			isa = XCBuildConfiguration;
			buildSettings = {
				ALWAYS_SEARCH_USER_PATHS = NO;
				CLANG_CXX_LANGUAGE_STANDARD = "gnu++0x";
				CLANG_CXX_LIBRARY = "libc++";
				CLANG_ENABLE_MODULES = YES;
				CLANG_ENABLE_OBJC_ARC = YES;
				CLANG_WARN_BOOL_CONVERSION = YES;
				CLANG_WARN_CONSTANT_CONVERSION = YES;
				CLANG_WARN_DIRECT_OBJC_ISA_USAGE = YES_ERROR;
				CLANG_WARN_EMPTY_BODY = YES;
				CLANG_WARN_ENUM_CONVERSION = YES;
				CLANG_WARN_INT_CONVERSION = YES;
				CLANG_WARN_OBJC_ROOT_CLASS = YES_ERROR;
				CLANG_WARN__DUPLICATE_METHOD_MATCH = YES;
				COPY_PHASE_STRIP = YES;
				ENABLE_NS_ASSERTIONS = NO;
				GCC_C_LANGUAGE_STANDARD = gnu99;
				GCC_WARN_64_TO_32_BIT_CONVERSION = YES;
				GCC_WARN_ABOUT_RETURN_TYPE = YES_ERROR;
				GCC_WARN_UNDECLARED_SELECTOR = YES;
				GCC_WARN_UNINITIALIZED_AUTOS = YES_AGGRESSIVE;
				GCC_WARN_UNUSED_FUNCTION = YES;
				GCC_WARN_UNUSED_VARIABLE = YES;
				IPHONEOS_DEPLOYMENT_TARGET = 7.1;
				SDKROOT = iphoneos;
				VALIDATE_PRODUCT = YES;
			};
			name = Release;
		};
		11A2F5151962B27200FE7892 /* Debug */ = {
			isa = XCBuildConfiguration;
			buildSettings = {
				COMBINE_HIDPI_IMAGES = YES;
				DEAD_CODE_STRIPPING = NO;
				GCC_ENABLE_OBJC_EXCEPTIONS = YES;
				GCC_PRECOMPILE_PREFIX_HEADER = YES;
				GCC_PREFIX_HEADER = "vDB/vDB-Prefix.pch";
				GCC_PREPROCESSOR_DEFINITIONS = (
					"DEBUG=1",
					"$(inherited)",
				);
				INFOPLIST_FILE = "vDB/vDB-Info.plist";
				INSTALL_PATH = "$(LOCAL_LIBRARY_DIR)/Bundles";
				IPHONEOS_DEPLOYMENT_TARGET = 5.0;
				LINK_WITH_STANDARD_LIBRARIES = NO;
				MACH_O_TYPE = mh_object;
				MACOSX_DEPLOYMENT_TARGET = "";
				ONLY_ACTIVE_ARCH = NO;
				PRODUCT_NAME = "$(TARGET_NAME)";
				SDKROOT = iphoneos;
				WRAPPER_EXTENSION = framework;
			};
			name = Debug;
		};
		11A2F5161962B27200FE7892 /* Release */ = {
			isa = XCBuildConfiguration;
			buildSettings = {
				COMBINE_HIDPI_IMAGES = YES;
				DEAD_CODE_STRIPPING = NO;
				DEBUG_INFORMATION_FORMAT = "dwarf-with-dsym";
				GCC_ENABLE_OBJC_EXCEPTIONS = YES;
				GCC_PRECOMPILE_PREFIX_HEADER = YES;
				GCC_PREFIX_HEADER = "vDB/vDB-Prefix.pch";
				INFOPLIST_FILE = "vDB/vDB-Info.plist";
				INSTALL_PATH = "$(LOCAL_LIBRARY_DIR)/Bundles";
				IPHONEOS_DEPLOYMENT_TARGET = 5.0;
				LINK_WITH_STANDARD_LIBRARIES = NO;
				MACH_O_TYPE = mh_object;
				MACOSX_DEPLOYMENT_TARGET = "";
				PRODUCT_NAME = "$(TARGET_NAME)";
				SDKROOT = iphoneos;
				SKIP_INSTALL = YES;
				WRAPPER_EXTENSION = framework;
			};
			name = Release;
		};
/* End XCBuildConfiguration section */

/* Begin XCConfigurationList section */
		11A2F4D81962B24E00FE7892 /* Build configuration list for PBXProject "vDB" */ = {
			isa = XCConfigurationList;
			buildConfigurations = (
				11A2F4FE1962B24E00FE7892 /* Debug */,
				11A2F4FF1962B24E00FE7892 /* Release */,
			);
			defaultConfigurationIsVisible = 0;
			defaultConfigurationName = Release;
		};
		11A2F5141962B27200FE7892 /* Build configuration list for PBXNativeTarget "vDB" */ = {
			isa = XCConfigurationList;
			buildConfigurations = (
				11A2F5151962B27200FE7892 /* Debug */,
				11A2F5161962B27200FE7892 /* Release */,
			);
			defaultConfigurationIsVisible = 0;
			defaultConfigurationName = Release;
		};
/* End XCConfigurationList section */
	};
	rootObject = 11A2F4D51962B24E00FE7892 /* Project object */;
}
